PODS:
  - Capacitor (6.2.0):
    - CapacitorCordova
  - CapacitorBrowser (6.0.4):
    - Capacitor
  - CapacitorCommunityInAppReview (6.0.0):
    - Capacitor
  - CapacitorCordova (6.2.0)
  - CapacitorDevice (6.0.2):
    - Capacitor
  - CapacitorHaptics (6.0.2):
    - Capacitor
  - CapacitorPreferences (6.0.3):
    - Capacitor
  - CapacitorScreenOrientation (6.0.3):
    - Capacitor
  - CapacitorSplashScreen (6.0.3):
    - Capacitor
  - CapacitorStatusBar (6.0.2):
    - Capacitor
  - CordovaPlugins (6.2.0):
    - CapacitorCordova
  - PurchasesHybridCommon (11.1.1):
    - RevenueCat (= 4.43.2)
  - RevenueCat (4.43.2)
  - RevenuecatPurchasesCapacitor (8.0.0):
    - Capacitor
    - PurchasesHybridCommon (= 11.1.1)
  - Sentry/HybridSDK (8.36.0)
  - SentryCapacitor (1.0.2):
    - Capacitor
    - Sentry/HybridSDK (= 8.36.0)

DEPENDENCIES:
  - "Capacitor (from `../../node_modules/@capacitor/ios`)"
  - "CapacitorBrowser (from `../../node_modules/@capacitor/browser`)"
  - "CapacitorCommunityInAppReview (from `../../node_modules/@capacitor-community/in-app-review`)"
  - "CapacitorCordova (from `../../node_modules/@capacitor/ios`)"
  - "CapacitorDevice (from `../../node_modules/@capacitor/device`)"
  - "CapacitorHaptics (from `../../node_modules/@capacitor/haptics`)"
  - "CapacitorPreferences (from `../../node_modules/@capacitor/preferences`)"
  - "CapacitorScreenOrientation (from `../../node_modules/@capacitor/screen-orientation`)"
  - "CapacitorSplashScreen (from `../../node_modules/@capacitor/splash-screen`)"
  - "CapacitorStatusBar (from `../../node_modules/@capacitor/status-bar`)"
  - CordovaPlugins (from `../capacitor-cordova-ios-plugins`)
  - "RevenuecatPurchasesCapacitor (from `../../node_modules/@revenuecat/purchases-capacitor`)"
  - "SentryCapacitor (from `../../node_modules/@sentry/capacitor`)"

SPEC REPOS:
  trunk:
    - PurchasesHybridCommon
    - RevenueCat
    - Sentry

EXTERNAL SOURCES:
  Capacitor:
    :path: "../../node_modules/@capacitor/ios"
  CapacitorBrowser:
    :path: "../../node_modules/@capacitor/browser"
  CapacitorCommunityInAppReview:
    :path: "../../node_modules/@capacitor-community/in-app-review"
  CapacitorCordova:
    :path: "../../node_modules/@capacitor/ios"
  CapacitorDevice:
    :path: "../../node_modules/@capacitor/device"
  CapacitorHaptics:
    :path: "../../node_modules/@capacitor/haptics"
  CapacitorPreferences:
    :path: "../../node_modules/@capacitor/preferences"
  CapacitorScreenOrientation:
    :path: "../../node_modules/@capacitor/screen-orientation"
  CapacitorSplashScreen:
    :path: "../../node_modules/@capacitor/splash-screen"
  CapacitorStatusBar:
    :path: "../../node_modules/@capacitor/status-bar"
  CordovaPlugins:
    :path: "../capacitor-cordova-ios-plugins"
  RevenuecatPurchasesCapacitor:
    :path: "../../node_modules/@revenuecat/purchases-capacitor"
  SentryCapacitor:
    :path: "../../node_modules/@sentry/capacitor"

SPEC CHECKSUMS:
  Capacitor: 1f3c7b9802d958cd8c4eb63895fff85dff2e1eea
  CapacitorBrowser: ef0529d16cd8839281050c350e7bbee4f5c6d65f
  CapacitorCommunityInAppReview: c69a9392f39a10f28092d823cfa979637f4fa079
  CapacitorCordova: b33e7f4aa4ed105dd43283acdd940964374a87d9
  CapacitorDevice: 1a215717f0b5061503b21a03508b0ec458a57d78
  CapacitorHaptics: b53409aaca1203f79c6d0eb3ed5de40556339518
  CapacitorPreferences: 9f9935bce493977183511362131a93f7b260191a
  CapacitorScreenOrientation: 3bb823f5d265190301cdc5d58a568a287d98972a
  CapacitorSplashScreen: 68893659d77b5f82d753b3a70475082845e3039c
  CapacitorStatusBar: 3b9ac7d0684770522c532d1158a1434512ab1477
  CordovaPlugins: 08731213c63ccf137c576da2926bf4b3a8c40f17
  PurchasesHybridCommon: 73f4f2c6e4ec3487b4219bf60e1661100fb85da3
  RevenueCat: 3d934653b7e8b09af88fd47e9e84cfaf5d0a89ba
  RevenuecatPurchasesCapacitor: a1d86d2d55f4dcee78f86f21d9e9e87858110cdc
  Sentry: f8374b5415bc38dfb5645941b3ae31230fbeae57
  SentryCapacitor: 808a63a267d5053af12c25e6125c13f79b32debc

PODFILE CHECKSUM: 108f70a2a4a1fd5f3ec02cf77d3f22ded6f6b601

COCOAPODS: 1.16.2
